
Microsoft Visual Studio Solution File, Format Version 12.00
# Visual Studio 14
VisualStudioVersion = 14.0.25420.1
MinimumVisualStudioVersion = 10.0.40219.1
Project("{FAE04EC0-301F-11D3-BF4B-00C04F79EFBC}") = "NS.Cryptography", "NS.Cryptography\NS.Cryptography.csproj", "{6A645DD9-C1BD-4F71-BA18-F7E9A2D47CE2}"
EndProject
Project("{FAE04EC0-301F-11D3-BF4B-00C04F79EFBC}") = "CryptoUtil", "CryptoUtil\CryptoUtil.csproj", "{D1D006DE-00F2-4414-BC2F-131D8E5EA279}"
EndProject
Global
	GlobalSection(SolutionConfigurationPlatforms) = preSolution
		Debug|Any CPU = Debug|Any CPU
		Debug|Mixed Platforms = Debug|Mixed Platforms
		Debug|x86 = Debug|x86
		Release|Any CPU = Release|Any CPU
		Release|Mixed Platforms = Release|Mixed Platforms
		Release|x86 = Release|x86
	EndGlobalSection
	GlobalSection(ProjectConfigurationPlatforms) = postSolution
		{6A645DD9-C1BD-4F71-BA18-F7E9A2D47CE2}.Debug|Any CPU.ActiveCfg = Debug|Any CPU
		{6A645DD9-C1BD-4F71-BA18-F7E9A2D47CE2}.Debug|Any CPU.Build.0 = Debug|Any CPU
		{6A645DD9-C1BD-4F71-BA18-F7E9A2D47CE2}.Debug|Mixed Platforms.ActiveCfg = Debug|Any CPU
		{6A645DD9-C1BD-4F71-BA18-F7E9A2D47CE2}.Debug|Mixed Platforms.Build.0 = Debug|Any CPU
		{6A645DD9-C1BD-4F71-BA18-F7E9A2D47CE2}.Debug|x86.ActiveCfg = Debug|Any CPU
		{6A645DD9-C1BD-4F71-BA18-F7E9A2D47CE2}.Release|Any CPU.ActiveCfg = Release|Any CPU
		{6A645DD9-C1BD-4F71-BA18-F7E9A2D47CE2}.Release|Any CPU.Build.0 = Release|Any CPU
		{6A645DD9-C1BD-4F71-BA18-F7E9A2D47CE2}.Release|Mixed Platforms.ActiveCfg = Release|Any CPU
		{6A645DD9-C1BD-4F71-BA18-F7E9A2D47CE2}.Release|Mixed Platforms.Build.0 = Release|Any CPU
		{6A645DD9-C1BD-4F71-BA18-F7E9A2D47CE2}.Release|x86.ActiveCfg = Release|Any CPU
		{D1D006DE-00F2-4414-BC2F-131D8E5EA279}.Debug|Any CPU.ActiveCfg = Debug|x86
		{D1D006DE-00F2-4414-BC2F-131D8E5EA279}.Debug|Mixed Platforms.ActiveCfg = Debug|x86
		{D1D006DE-00F2-4414-BC2F-131D8E5EA279}.Debug|Mixed Platforms.Build.0 = Debug|x86
		{D1D006DE-00F2-4414-BC2F-131D8E5EA279}.Debug|x86.ActiveCfg = Debug|x86
		{D1D006DE-00F2-4414-BC2F-131D8E5EA279}.Debug|x86.Build.0 = Debug|x86
		{D1D006DE-00F2-4414-BC2F-131D8E5EA279}.Release|Any CPU.ActiveCfg = Release|x86
		{D1D006DE-00F2-4414-BC2F-131D8E5EA279}.Release|Mixed Platforms.ActiveCfg = Release|x86
		{D1D006DE-00F2-4414-BC2F-131D8E5EA279}.Release|Mixed Platforms.Build.0 = Release|x86
		{D1D006DE-00F2-4414-BC2F-131D8E5EA279}.Release|x86.ActiveCfg = Release|x86
		{D1D006DE-00F2-4414-BC2F-131D8E5EA279}.Release|x86.Build.0 = Release|x86
	EndGlobalSection
	GlobalSection(SolutionProperties) = preSolution
		HideSolutionNode = FALSE
	EndGlobalSection
EndGlobal
